{
  "name": "rehab-api",
  "version": "1.0.0",
  "lockfileVersion": 3,
  "requires": true,
  "packages": {
    "": {
      "name": "rehab-api",
      "version": "1.0.0",
      "license": "ISC",
      "dependencies": {
        "@notionhq/client": "^5.23.3"
      }
    },
    "node_modules/@notionhq/client": {
      "version": "5.23.3",
      "resolved": "https://registry.npmjs.org/@notionhq/client/-/client-5.23.3.tgz",
      "integrity": "sha512-Uk0ycO+u6+iueoE/eK9Aa/DGWd2tZ9ymvGF/MXcfxXXL+AS2JYWm1ols19rEk5qOdZ0l2KYc6zThx0iXQ3QhpQ==",
      "license": "MIT",
      "engines": {
        "node": ">=18"
      }
    }
  }
}
